<?xml version="1.0" encoding="utf-8"?>
<Project ToolsVersion="4.0" xmlns="http://schemas.microsoft.com/developer/msbuild/2003">
  <ItemGroup>
    <ClCompile Include="block.cpp" />
    <ClCompile Include="Fade.cpp" />
    <ClCompile Include="GameScene.cpp" />
    <ClCompile Include="main.cpp" />
    <ClCompile Include="obstacles.cpp" />
    <ClCompile Include="player.cpp" />
    <ClCompile Include="TitleScene.cpp" />
    <ClCompile Include="Update.cpp" />
    <ClCompile Include="WorldTransformEx.cpp" />
    <ClCompile Include="Math.cpp" />
  </ItemGroup>
  <ItemGroup>
    <ClInclude Include="block.h" />
    <ClInclude Include="Fade.h" />
    <ClInclude Include="GameScene.h" />
    <ClInclude Include="Math.h" />
    <ClInclude Include="obstacles.h" />
    <ClInclude Include="TitleScene.h" />
    <ClInclude Include="Update.h" />
    <ClInclude Include="player.h" />
  </ItemGroup>
</Project>